
Microsoft Visual Studio Solution File, Format Version 12.00
# Visual Studio Version 16
VisualStudioVersion = 16.0.30114.105
MinimumVisualStudioVersion = 10.0.40219.1
Project("{FAE04EC0-301F-11D3-BF4B-00C04F79EFBC}") = "Szabaduloszoba", "Szabaduloszoba\Szabaduloszoba.csproj", "{8EE0AD03-709C-4FAA-823D-5D9B932CBE2F}"
EndProject
Global
	GlobalSection(SolutionConfigurationPlatforms) = preSolution
		Debug|Any CPU = Debug|Any CPU
		Release|Any CPU = Release|Any CPU
	EndGlobalSection
	GlobalSection(ProjectConfigurationPlatforms) = postSolution
		{8EE0AD03-709C-4FAA-823D-5D9B932CBE2F}.Debug|Any CPU.ActiveCfg = Debug|Any CPU
		{8EE0AD03-709C-4FAA-823D-5D9B932CBE2F}.Debug|Any CPU.Build.0 = Debug|Any CPU
		{8EE0AD03-709C-4FAA-823D-5D9B932CBE2F}.Release|Any CPU.ActiveCfg = Release|Any CPU
		{8EE0AD03-709C-4FAA-823D-5D9B932CBE2F}.Release|Any CPU.Build.0 = Release|Any CPU
	EndGlobalSection
	GlobalSection(SolutionProperties) = preSolution
		HideSolutionNode = FALSE
	EndGlobalSection
	GlobalSection(ExtensibilityGlobals) = postSolution
		SolutionGuid = {3ED81300-EAFD-45BC-B78A-5035A9922851}
	EndGlobalSection
EndGlobal
